
Microsoft Visual Studio Solution File, Format Version 11.00
# Visual Studio 2010
Project("{FAE04EC0-301F-11D3-BF4B-00C04F79EFBC}") = "LostLands", "LostLands\LostLands\LostLands.csproj", "{2154B9DE-121B-46C4-AE52-9A3A53498890}"
EndProject
Project("{96E2B04D-8817-42C6-938A-82C39BA4D311}") = "LostLandsContent", "LostLands\LostLandsContent\LostLandsContent.contentproj", "{B4C1F911-CE3C-41A3-B326-EF05D796567B}"
EndProject
Global
	GlobalSection(TeamFoundationVersionControl) = preSolution
		SccNumberOfProjects = 3
		SccEnterpriseProvider = {4CA58AB2-18FA-4F8D-95D4-32DDF27D184C}
		SccTeamFoundationServer = http://rob-pc:8080/tfs/lostlands
		SccLocalPath0 = .
		SccProjectUniqueName1 = LostLands\\LostLands\\LostLands.csproj
		SccProjectName1 = LostLands/LostLands
		SccLocalPath1 = LostLands\\LostLands
		SccProjectUniqueName2 = LostLands\\LostLandsContent\\LostLandsContent.contentproj
		SccProjectName2 = LostLands/LostLandsContent
		SccLocalPath2 = LostLands\\LostLandsContent
	EndGlobalSection
	GlobalSection(SolutionConfigurationPlatforms) = preSolution
		Debug|x86 = Debug|x86
		Release|x86 = Release|x86
	EndGlobalSection
	GlobalSection(ProjectConfigurationPlatforms) = postSolution
		{2154B9DE-121B-46C4-AE52-9A3A53498890}.Debug|x86.ActiveCfg = Debug|x86
		{2154B9DE-121B-46C4-AE52-9A3A53498890}.Debug|x86.Build.0 = Debug|x86
		{2154B9DE-121B-46C4-AE52-9A3A53498890}.Release|x86.ActiveCfg = Release|x86
		{2154B9DE-121B-46C4-AE52-9A3A53498890}.Release|x86.Build.0 = Release|x86
		{B4C1F911-CE3C-41A3-B326-EF05D796567B}.Debug|x86.ActiveCfg = Debug|x86
		{B4C1F911-CE3C-41A3-B326-EF05D796567B}.Release|x86.ActiveCfg = Release|x86
	EndGlobalSection
	GlobalSection(SolutionProperties) = preSolution
		HideSolutionNode = FALSE
	EndGlobalSection
EndGlobal
